
Microsoft Visual Studio Solution File, Format Version 12.00
# Visual Studio 15
VisualStudioVersion = 15.0.26124.0
MinimumVisualStudioVersion = 15.0.26124.0
Project("{FAE04EC0-301F-11D3-BF4B-00C04F79EFBC}") = "API", "API\API.csproj", "{8CE66058-0644-4BEA-810D-FDC187FBC284}"
EndProject
Project("{FAE04EC0-301F-11D3-BF4B-00C04F79EFBC}") = "Application", "Application\Application.csproj", "{754C5552-A06E-4EDC-AE95-239EF8D75182}"
EndProject
Project("{FAE04EC0-301F-11D3-BF4B-00C04F79EFBC}") = "Persistence", "Persistence\Persistence.csproj", "{F302C6C1-EB82-468F-827B-7040A6BD248F}"
EndProject
Project("{FAE04EC0-301F-11D3-BF4B-00C04F79EFBC}") = "Domain", "Domain\Domain.csproj", "{13FEE7EA-7F3D-4B2A-BF5F-D2D2BEC606B8}"
EndProject
Project("{FAE04EC0-301F-11D3-BF4B-00C04F79EFBC}") = "Infrastructure", "Infrastructure\Infrastructure.csproj", "{075CEC7D-57A8-48DF-9552-2364284C9C25}"
EndProject
Global
	GlobalSection(SolutionConfigurationPlatforms) = preSolution
		Debug|Any CPU = Debug|Any CPU
		Debug|x64 = Debug|x64
		Debug|x86 = Debug|x86
		Release|Any CPU = Release|Any CPU
		Release|x64 = Release|x64
		Release|x86 = Release|x86
	EndGlobalSection
	GlobalSection(SolutionProperties) = preSolution
		HideSolutionNode = FALSE
	EndGlobalSection
	GlobalSection(ProjectConfigurationPlatforms) = postSolution
		{8CE66058-0644-4BEA-810D-FDC187FBC284}.Debug|Any CPU.ActiveCfg = Debug|Any CPU
		{8CE66058-0644-4BEA-810D-FDC187FBC284}.Debug|Any CPU.Build.0 = Debug|Any CPU
		{8CE66058-0644-4BEA-810D-FDC187FBC284}.Debug|x64.ActiveCfg = Debug|Any CPU
		{8CE66058-0644-4BEA-810D-FDC187FBC284}.Debug|x64.Build.0 = Debug|Any CPU
		{8CE66058-0644-4BEA-810D-FDC187FBC284}.Debug|x86.ActiveCfg = Debug|Any CPU
		{8CE66058-0644-4BEA-810D-FDC187FBC284}.Debug|x86.Build.0 = Debug|Any CPU
		{8CE66058-0644-4BEA-810D-FDC187FBC284}.Release|Any CPU.ActiveCfg = Release|Any CPU
		{8CE66058-0644-4BEA-810D-FDC187FBC284}.Release|Any CPU.Build.0 = Release|Any CPU
		{8CE66058-0644-4BEA-810D-FDC187FBC284}.Release|x64.ActiveCfg = Release|Any CPU
		{8CE66058-0644-4BEA-810D-FDC187FBC284}.Release|x64.Build.0 = Release|Any CPU
		{8CE66058-0644-4BEA-810D-FDC187FBC284}.Release|x86.ActiveCfg = Release|Any CPU
		{8CE66058-0644-4BEA-810D-FDC187FBC284}.Release|x86.Build.0 = Release|Any CPU
		{754C5552-A06E-4EDC-AE95-239EF8D75182}.Debug|Any CPU.ActiveCfg = Debug|Any CPU
		{754C5552-A06E-4EDC-AE95-239EF8D75182}.Debug|Any CPU.Build.0 = Debug|Any CPU
		{754C5552-A06E-4EDC-AE95-239EF8D75182}.Debug|x64.ActiveCfg = Debug|Any CPU
		{754C5552-A06E-4EDC-AE95-239EF8D75182}.Debug|x64.Build.0 = Debug|Any CPU
		{754C5552-A06E-4EDC-AE95-239EF8D75182}.Debug|x86.ActiveCfg = Debug|Any CPU
		{754C5552-A06E-4EDC-AE95-239EF8D75182}.Debug|x86.Build.0 = Debug|Any CPU
		{754C5552-A06E-4EDC-AE95-239EF8D75182}.Release|Any CPU.ActiveCfg = Release|Any CPU
		{754C5552-A06E-4EDC-AE95-239EF8D75182}.Release|Any CPU.Build.0 = Release|Any CPU
		{754C5552-A06E-4EDC-AE95-239EF8D75182}.Release|x64.ActiveCfg = Release|Any CPU
		{754C5552-A06E-4EDC-AE95-239EF8D75182}.Release|x64.Build.0 = Release|Any CPU
		{754C5552-A06E-4EDC-AE95-239EF8D75182}.Release|x86.ActiveCfg = Release|Any CPU
		{754C5552-A06E-4EDC-AE95-239EF8D75182}.Release|x86.Build.0 = Release|Any CPU
		{F302C6C1-EB82-468F-827B-7040A6BD248F}.Debug|Any CPU.ActiveCfg = Debug|Any CPU
		{F302C6C1-EB82-468F-827B-7040A6BD248F}.Debug|Any CPU.Build.0 = Debug|Any CPU
		{F302C6C1-EB82-468F-827B-7040A6BD248F}.Debug|x64.ActiveCfg = Debug|Any CPU
		{F302C6C1-EB82-468F-827B-7040A6BD248F}.Debug|x64.Build.0 = Debug|Any CPU
		{F302C6C1-EB82-468F-827B-7040A6BD248F}.Debug|x86.ActiveCfg = Debug|Any CPU
		{F302C6C1-EB82-468F-827B-7040A6BD248F}.Debug|x86.Build.0 = Debug|Any CPU
		{F302C6C1-EB82-468F-827B-7040A6BD248F}.Release|Any CPU.ActiveCfg = Release|Any CPU
		{F302C6C1-EB82-468F-827B-7040A6BD248F}.Release|Any CPU.Build.0 = Release|Any CPU
		{F302C6C1-EB82-468F-827B-7040A6BD248F}.Release|x64.ActiveCfg = Release|Any CPU
		{F302C6C1-EB82-468F-827B-7040A6BD248F}.Release|x64.Build.0 = Release|Any CPU
		{F302C6C1-EB82-468F-827B-7040A6BD248F}.Release|x86.ActiveCfg = Release|Any CPU
		{F302C6C1-EB82-468F-827B-7040A6BD248F}.Release|x86.Build.0 = Release|Any CPU
		{13FEE7EA-7F3D-4B2A-BF5F-D2D2BEC606B8}.Debug|Any CPU.ActiveCfg = Debug|Any CPU
		{13FEE7EA-7F3D-4B2A-BF5F-D2D2BEC606B8}.Debug|Any CPU.Build.0 = Debug|Any CPU
		{13FEE7EA-7F3D-4B2A-BF5F-D2D2BEC606B8}.Debug|x64.ActiveCfg = Debug|Any CPU
		{13FEE7EA-7F3D-4B2A-BF5F-D2D2BEC606B8}.Debug|x64.Build.0 = Debug|Any CPU
		{13FEE7EA-7F3D-4B2A-BF5F-D2D2BEC606B8}.Debug|x86.ActiveCfg = Debug|Any CPU
		{13FEE7EA-7F3D-4B2A-BF5F-D2D2BEC606B8}.Debug|x86.Build.0 = Debug|Any CPU
		{13FEE7EA-7F3D-4B2A-BF5F-D2D2BEC606B8}.Release|Any CPU.ActiveCfg = Release|Any CPU
		{13FEE7EA-7F3D-4B2A-BF5F-D2D2BEC606B8}.Release|Any CPU.Build.0 = Release|Any CPU
		{13FEE7EA-7F3D-4B2A-BF5F-D2D2BEC606B8}.Release|x64.ActiveCfg = Release|Any CPU
		{13FEE7EA-7F3D-4B2A-BF5F-D2D2BEC606B8}.Release|x64.Build.0 = Release|Any CPU
		{13FEE7EA-7F3D-4B2A-BF5F-D2D2BEC606B8}.Release|x86.ActiveCfg = Release|Any CPU
		{13FEE7EA-7F3D-4B2A-BF5F-D2D2BEC606B8}.Release|x86.Build.0 = Release|Any CPU
		{075CEC7D-57A8-48DF-9552-2364284C9C25}.Debug|Any CPU.ActiveCfg = Debug|Any CPU
		{075CEC7D-57A8-48DF-9552-2364284C9C25}.Debug|Any CPU.Build.0 = Debug|Any CPU
		{075CEC7D-57A8-48DF-9552-2364284C9C25}.Debug|x64.ActiveCfg = Debug|Any CPU
		{075CEC7D-57A8-48DF-9552-2364284C9C25}.Debug|x64.Build.0 = Debug|Any CPU
		{075CEC7D-57A8-48DF-9552-2364284C9C25}.Debug|x86.ActiveCfg = Debug|Any CPU
		{075CEC7D-57A8-48DF-9552-2364284C9C25}.Debug|x86.Build.0 = Debug|Any CPU
		{075CEC7D-57A8-48DF-9552-2364284C9C25}.Release|Any CPU.ActiveCfg = Release|Any CPU
		{075CEC7D-57A8-48DF-9552-2364284C9C25}.Release|Any CPU.Build.0 = Release|Any CPU
		{075CEC7D-57A8-48DF-9552-2364284C9C25}.Release|x64.ActiveCfg = Release|Any CPU
		{075CEC7D-57A8-48DF-9552-2364284C9C25}.Release|x64.Build.0 = Release|Any CPU
		{075CEC7D-57A8-48DF-9552-2364284C9C25}.Release|x86.ActiveCfg = Release|Any CPU
		{075CEC7D-57A8-48DF-9552-2364284C9C25}.Release|x86.Build.0 = Release|Any CPU
	EndGlobalSection
EndGlobal
